
Microsoft Visual Studio Solution File, Format Version 12.00
# Visual Studio Version 16
VisualStudioVersion = 16.0.29318.209
MinimumVisualStudioVersion = 10.0.40219.1
Project("{9A19103F-16F7-4668-BE54-9A1E7A4F7556}") = "HandmadeFinal", "HandmadeFinal\HandmadeFinal.csproj", "{100ECEF9-9D4A-4987-939B-47ED200DF26D}"
EndProject
Global
	GlobalSection(SolutionConfigurationPlatforms) = preSolution
		Debug|Any CPU = Debug|Any CPU
		Release|Any CPU = Release|Any CPU
	EndGlobalSection
	GlobalSection(ProjectConfigurationPlatforms) = postSolution
		{100ECEF9-9D4A-4987-939B-47ED200DF26D}.Debug|Any CPU.ActiveCfg = Debug|Any CPU
		{100ECEF9-9D4A-4987-939B-47ED200DF26D}.Debug|Any CPU.Build.0 = Debug|Any CPU
		{100ECEF9-9D4A-4987-939B-47ED200DF26D}.Release|Any CPU.ActiveCfg = Release|Any CPU
		{100ECEF9-9D4A-4987-939B-47ED200DF26D}.Release|Any CPU.Build.0 = Release|Any CPU
	EndGlobalSection
	GlobalSection(SolutionProperties) = preSolution
		HideSolutionNode = FALSE
	EndGlobalSection
	GlobalSection(ExtensibilityGlobals) = postSolution
		SolutionGuid = {AB3B298F-5C2F-45EF-B693-B3620FC53459}
	EndGlobalSection
EndGlobal
